
Microsoft Visual Studio Solution File, Format Version 12.00
# Visual Studio Version 16
VisualStudioVersion = 16.0.31702.278
MinimumVisualStudioVersion = 10.0.40219.1
Project("{FAE04EC0-301F-11D3-BF4B-00C04F79EFBC}") = "Healthware.Core.MultiTenancy", "Healthware.Core.MultiTenancy\Healthware.Core.MultiTenancy.csproj", "{20EDA4FE-45AD-408C-920B-40EF728F00EE}"
EndProject
Project("{FAE04EC0-301F-11D3-BF4B-00C04F79EFBC}") = "Healthware.Core.MultiTenancy.Services", "Healthware.Core.MultiTenancy.Services\Healthware.Core.MultiTenancy.Services.csproj", "{23EB0ADC-59D6-4708-9FE9-6290C65DF5DC}"
EndProject
Project("{FAE04EC0-301F-11D3-BF4B-00C04F79EFBC}") = "Healthware.Core.MultiTenancy.Entities", "Healthware.Core.MultiTenancy.Entities\Healthware.Core.MultiTenancy.Entities.csproj", "{BD2B04CC-82D1-4C3D-808C-54CC61070932}"
EndProject
Global
	GlobalSection(SolutionConfigurationPlatforms) = preSolution
		Debug|Any CPU = Debug|Any CPU
		Release|Any CPU = Release|Any CPU
	EndGlobalSection
	GlobalSection(ProjectConfigurationPlatforms) = postSolution
		{20EDA4FE-45AD-408C-920B-40EF728F00EE}.Debug|Any CPU.ActiveCfg = Debug|Any CPU
		{20EDA4FE-45AD-408C-920B-40EF728F00EE}.Debug|Any CPU.Build.0 = Debug|Any CPU
		{20EDA4FE-45AD-408C-920B-40EF728F00EE}.Release|Any CPU.ActiveCfg = Release|Any CPU
		{20EDA4FE-45AD-408C-920B-40EF728F00EE}.Release|Any CPU.Build.0 = Release|Any CPU
		{23EB0ADC-59D6-4708-9FE9-6290C65DF5DC}.Debug|Any CPU.ActiveCfg = Debug|Any CPU
		{23EB0ADC-59D6-4708-9FE9-6290C65DF5DC}.Debug|Any CPU.Build.0 = Debug|Any CPU
		{23EB0ADC-59D6-4708-9FE9-6290C65DF5DC}.Release|Any CPU.ActiveCfg = Release|Any CPU
		{23EB0ADC-59D6-4708-9FE9-6290C65DF5DC}.Release|Any CPU.Build.0 = Release|Any CPU
		{BD2B04CC-82D1-4C3D-808C-54CC61070932}.Debug|Any CPU.ActiveCfg = Debug|Any CPU
		{BD2B04CC-82D1-4C3D-808C-54CC61070932}.Debug|Any CPU.Build.0 = Debug|Any CPU
		{BD2B04CC-82D1-4C3D-808C-54CC61070932}.Release|Any CPU.ActiveCfg = Release|Any CPU
		{BD2B04CC-82D1-4C3D-808C-54CC61070932}.Release|Any CPU.Build.0 = Release|Any CPU
	EndGlobalSection
	GlobalSection(SolutionProperties) = preSolution
		HideSolutionNode = FALSE
	EndGlobalSection
	GlobalSection(ExtensibilityGlobals) = postSolution
		SolutionGuid = {CE4F25D6-0782-4EA1-881A-E02343541C4A}
	EndGlobalSection
EndGlobal
