
Microsoft Visual Studio Solution File, Format Version 12.00
# Visual Studio Version 16
VisualStudioVersion = 16.0.31702.278
MinimumVisualStudioVersion = 10.0.40219.1
Project("{9A19103F-16F7-4668-BE54-9A1E7A4F7556}") = "Healthware.Core", "Healthware.Core.csproj", "{34854022-203D-47BE-9578-400A884A3E6D}"
EndProject
Project("{FAE04EC0-301F-11D3-BF4B-00C04F79EFBC}") = "Healthware.Core.Web", "..\Healthware.Core.Web\Healthware.Core.Web.csproj", "{EB70F1BC-DA25-4EF4-B2E0-CD9C8FA7D78B}"
EndProject
Global
	GlobalSection(SolutionConfigurationPlatforms) = preSolution
		Debug|Any CPU = Debug|Any CPU
		Release|Any CPU = Release|Any CPU
	EndGlobalSection
	GlobalSection(ProjectConfigurationPlatforms) = postSolution
		{34854022-203D-47BE-9578-400A884A3E6D}.Debug|Any CPU.ActiveCfg = Debug|Any CPU
		{34854022-203D-47BE-9578-400A884A3E6D}.Debug|Any CPU.Build.0 = Debug|Any CPU
		{34854022-203D-47BE-9578-400A884A3E6D}.Release|Any CPU.ActiveCfg = Release|Any CPU
		{34854022-203D-47BE-9578-400A884A3E6D}.Release|Any CPU.Build.0 = Release|Any CPU
		{EB70F1BC-DA25-4EF4-B2E0-CD9C8FA7D78B}.Debug|Any CPU.ActiveCfg = Debug|Any CPU
		{EB70F1BC-DA25-4EF4-B2E0-CD9C8FA7D78B}.Debug|Any CPU.Build.0 = Debug|Any CPU
		{EB70F1BC-DA25-4EF4-B2E0-CD9C8FA7D78B}.Release|Any CPU.ActiveCfg = Release|Any CPU
		{EB70F1BC-DA25-4EF4-B2E0-CD9C8FA7D78B}.Release|Any CPU.Build.0 = Release|Any CPU
	EndGlobalSection
	GlobalSection(SolutionProperties) = preSolution
		HideSolutionNode = FALSE
	EndGlobalSection
	GlobalSection(ExtensibilityGlobals) = postSolution
		SolutionGuid = {81A7101F-3E6B-4107-9708-CE9EAA07119E}
	EndGlobalSection
EndGlobal
